
Microsoft Visual Studio Solution File, Format Version 12.00
# Visual Studio 15
VisualStudioVersion = 15.0.26124.0
MinimumVisualStudioVersion = 15.0.26124.0
Project("{2150E333-8FDC-42A3-9474-1A3956D46DE8}") = "test", "test", "{0838D69F-1252-43A0-9DCC-855C26FBECC5}"
EndProject
Project("{FAE04EC0-301F-11D3-BF4B-00C04F79EFBC}") = "Gradebook.Tests", "test\Gradebook.Tests\Gradebook.Tests.csproj", "{CDB2632D-BF31-4C1A-B481-AF856273DFCF}"
EndProject
Project("{2150E333-8FDC-42A3-9474-1A3956D46DE8}") = "src", "src", "{CD24E4E4-305B-49C6-BCAB-6BA8CC715896}"
EndProject
Project("{FAE04EC0-301F-11D3-BF4B-00C04F79EFBC}") = "Gradebook", "src\Gradebook\Gradebook.csproj", "{402045F4-45D6-47DB-90ED-BFA8DD1D5E5E}"
EndProject
Global
	GlobalSection(SolutionConfigurationPlatforms) = preSolution
		Debug|Any CPU = Debug|Any CPU
		Debug|x64 = Debug|x64
		Debug|x86 = Debug|x86
		Release|Any CPU = Release|Any CPU
		Release|x64 = Release|x64
		Release|x86 = Release|x86
	EndGlobalSection
	GlobalSection(SolutionProperties) = preSolution
		HideSolutionNode = FALSE
	EndGlobalSection
	GlobalSection(ProjectConfigurationPlatforms) = postSolution
		{CDB2632D-BF31-4C1A-B481-AF856273DFCF}.Debug|Any CPU.ActiveCfg = Debug|Any CPU
		{CDB2632D-BF31-4C1A-B481-AF856273DFCF}.Debug|Any CPU.Build.0 = Debug|Any CPU
		{CDB2632D-BF31-4C1A-B481-AF856273DFCF}.Debug|x64.ActiveCfg = Debug|Any CPU
		{CDB2632D-BF31-4C1A-B481-AF856273DFCF}.Debug|x64.Build.0 = Debug|Any CPU
		{CDB2632D-BF31-4C1A-B481-AF856273DFCF}.Debug|x86.ActiveCfg = Debug|Any CPU
		{CDB2632D-BF31-4C1A-B481-AF856273DFCF}.Debug|x86.Build.0 = Debug|Any CPU
		{CDB2632D-BF31-4C1A-B481-AF856273DFCF}.Release|Any CPU.ActiveCfg = Release|Any CPU
		{CDB2632D-BF31-4C1A-B481-AF856273DFCF}.Release|Any CPU.Build.0 = Release|Any CPU
		{CDB2632D-BF31-4C1A-B481-AF856273DFCF}.Release|x64.ActiveCfg = Release|Any CPU
		{CDB2632D-BF31-4C1A-B481-AF856273DFCF}.Release|x64.Build.0 = Release|Any CPU
		{CDB2632D-BF31-4C1A-B481-AF856273DFCF}.Release|x86.ActiveCfg = Release|Any CPU
		{CDB2632D-BF31-4C1A-B481-AF856273DFCF}.Release|x86.Build.0 = Release|Any CPU
		{402045F4-45D6-47DB-90ED-BFA8DD1D5E5E}.Debug|Any CPU.ActiveCfg = Debug|Any CPU
		{402045F4-45D6-47DB-90ED-BFA8DD1D5E5E}.Debug|Any CPU.Build.0 = Debug|Any CPU
		{402045F4-45D6-47DB-90ED-BFA8DD1D5E5E}.Debug|x64.ActiveCfg = Debug|Any CPU
		{402045F4-45D6-47DB-90ED-BFA8DD1D5E5E}.Debug|x64.Build.0 = Debug|Any CPU
		{402045F4-45D6-47DB-90ED-BFA8DD1D5E5E}.Debug|x86.ActiveCfg = Debug|Any CPU
		{402045F4-45D6-47DB-90ED-BFA8DD1D5E5E}.Debug|x86.Build.0 = Debug|Any CPU
		{402045F4-45D6-47DB-90ED-BFA8DD1D5E5E}.Release|Any CPU.ActiveCfg = Release|Any CPU
		{402045F4-45D6-47DB-90ED-BFA8DD1D5E5E}.Release|Any CPU.Build.0 = Release|Any CPU
		{402045F4-45D6-47DB-90ED-BFA8DD1D5E5E}.Release|x64.ActiveCfg = Release|Any CPU
		{402045F4-45D6-47DB-90ED-BFA8DD1D5E5E}.Release|x64.Build.0 = Release|Any CPU
		{402045F4-45D6-47DB-90ED-BFA8DD1D5E5E}.Release|x86.ActiveCfg = Release|Any CPU
		{402045F4-45D6-47DB-90ED-BFA8DD1D5E5E}.Release|x86.Build.0 = Release|Any CPU
	EndGlobalSection
	GlobalSection(NestedProjects) = preSolution
		{CDB2632D-BF31-4C1A-B481-AF856273DFCF} = {0838D69F-1252-43A0-9DCC-855C26FBECC5}
		{402045F4-45D6-47DB-90ED-BFA8DD1D5E5E} = {CD24E4E4-305B-49C6-BCAB-6BA8CC715896}
	EndGlobalSection
EndGlobal
